
Microsoft Visual Studio Solution File, Format Version 12.00
# Visual Studio Version 17
VisualStudioVersion = 17.13.35931.197 d17.13
MinimumVisualStudioVersion = 10.0.40219.1
Project("{FAE04EC0-301F-11D3-BF4B-00C04F79EFBC}") = "azure-app-sdas", "azure-app-sdas.csproj", "{3E950C6A-DDE4-F5A2-A497-98A6D03980DC}"
EndProject
Global
	GlobalSection(SolutionConfigurationPlatforms) = preSolution
		Debug|Any CPU = Debug|Any CPU
		Release|Any CPU = Release|Any CPU
	EndGlobalSection
	GlobalSection(ProjectConfigurationPlatforms) = postSolution
		{3E950C6A-DDE4-F5A2-A497-98A6D03980DC}.Debug|Any CPU.ActiveCfg = Debug|Any CPU
		{3E950C6A-DDE4-F5A2-A497-98A6D03980DC}.Debug|Any CPU.Build.0 = Debug|Any CPU
		{3E950C6A-DDE4-F5A2-A497-98A6D03980DC}.Release|Any CPU.ActiveCfg = Release|Any CPU
		{3E950C6A-DDE4-F5A2-A497-98A6D03980DC}.Release|Any CPU.Build.0 = Release|Any CPU
	EndGlobalSection
	GlobalSection(SolutionProperties) = preSolution
		HideSolutionNode = FALSE
	EndGlobalSection
	GlobalSection(ExtensibilityGlobals) = postSolution
		SolutionGuid = {41C18741-8FC1-4F90-9748-4574C57919B3}
	EndGlobalSection
EndGlobal
